
Microsoft Visual Studio Solution File, Format Version 12.00
# Visual Studio 2013
VisualStudioVersion = 12.0.31101.0
MinimumVisualStudioVersion = 10.0.40219.1
Project("{FAE04EC0-301F-11D3-BF4B-00C04F79EFBC}") = "BizTalk.PipelineComponents.Promoter", "Src\Components\Promoter\BizTalk.PipelineComponents.Promoter.csproj", "{AC8CD576-B4F1-403C-AC21-467DB89AA0C4}"
EndProject
Project("{FAE04EC0-301F-11D3-BF4B-00C04F79EFBC}") = "Promoter.Pipelines", "Tests\Promoter.Pipelines\Promoter.Pipelines.btproj", "{DB6B9A1B-208C-4AD8-A101-2B252FD224AD}"
EndProject
Global
	GlobalSection(SolutionConfigurationPlatforms) = preSolution
		Debug|Any CPU = Debug|Any CPU
		Release|Any CPU = Release|Any CPU
	EndGlobalSection
	GlobalSection(ProjectConfigurationPlatforms) = postSolution
		{AC8CD576-B4F1-403C-AC21-467DB89AA0C4}.Debug|Any CPU.ActiveCfg = Debug|Any CPU
		{AC8CD576-B4F1-403C-AC21-467DB89AA0C4}.Debug|Any CPU.Build.0 = Debug|Any CPU
		{AC8CD576-B4F1-403C-AC21-467DB89AA0C4}.Release|Any CPU.ActiveCfg = Release|Any CPU
		{AC8CD576-B4F1-403C-AC21-467DB89AA0C4}.Release|Any CPU.Build.0 = Release|Any CPU
		{DB6B9A1B-208C-4AD8-A101-2B252FD224AD}.Debug|Any CPU.ActiveCfg = Debug|Any CPU
		{DB6B9A1B-208C-4AD8-A101-2B252FD224AD}.Debug|Any CPU.Build.0 = Debug|Any CPU
		{DB6B9A1B-208C-4AD8-A101-2B252FD224AD}.Debug|Any CPU.Deploy.0 = Debug|Any CPU
		{DB6B9A1B-208C-4AD8-A101-2B252FD224AD}.Release|Any CPU.ActiveCfg = Release|Any CPU
		{DB6B9A1B-208C-4AD8-A101-2B252FD224AD}.Release|Any CPU.Build.0 = Release|Any CPU
		{DB6B9A1B-208C-4AD8-A101-2B252FD224AD}.Release|Any CPU.Deploy.0 = Release|Any CPU
	EndGlobalSection
	GlobalSection(SolutionProperties) = preSolution
		HideSolutionNode = FALSE
	EndGlobalSection
EndGlobal
